// !$*UTF8*$!
{
	archiveVersion = 1;
	classes = {
	};
	objectVersion = 56;
	objects = {

/* Begin PBXBuildFile section */
		0E305672322EB76335D22198 /* Pods_WhatTheF.framework in Frameworks */ = {isa = PBXBuildFile; fileRef = 19CB5FC4DDE943488093B470 /* Pods_WhatTheF.framework */; };
		F36ECF762B2FF91800E5FAC2 /* AppDelegate.swift in Sources */ = {isa = PBXBuildFile; fileRef = F36ECF752B2FF91800E5FAC2 /* AppDelegate.swift */; };
		F36ECF782B2FF91800E5FAC2 /* SceneDelegate.swift in Sources */ = {isa = PBXBuildFile; fileRef = F36ECF772B2FF91800E5FAC2 /* SceneDelegate.swift */; };
		F36ECF7A2B2FF91800E5FAC2 /* ViewController.swift in Sources */ = {isa = PBXBuildFile; fileRef = F36ECF792B2FF91800E5FAC2 /* ViewController.swift */; };
		F36ECF7D2B2FF91800E5FAC2 /* Main.storyboard in Resources */ = {isa = PBXBuildFile; fileRef = F36ECF7B2B2FF91800E5FAC2 /* Main.storyboard */; };
		F36ECF7F2B2FF91900E5FAC2 /* Assets.xcassets in Resources */ = {isa = PBXBuildFile; fileRef = F36ECF7E2B2FF91900E5FAC2 /* Assets.xcassets */; };
		F36ECF822B2FF91900E5FAC2 /* LaunchScreen.storyboard in Resources */ = {isa = PBXBuildFile; fileRef = F36ECF802B2FF91900E5FAC2 /* LaunchScreen.storyboard */; };
		F36ECF8A2B2FF95C00E5FAC2 /* FlowerClassifier.mlmodel in Sources */ = {isa = PBXBuildFile; fileRef = F36ECF892B2FF95C00E5FAC2 /* FlowerClassifier.mlmodel */; };
/* End PBXBuildFile section */

/* Begin PBXFileReference section */
		19CB5FC4DDE943488093B470 /* Pods_WhatTheF.framework */ = {isa = PBXFileReference; explicitFileType = wrapper.framework; includeInIndex = 0; path = Pods_WhatTheF.framework; sourceTree = BUILT_PRODUCTS_DIR; };
		399FD35996BFC0DC55838549 /* Pods-WhatTheF.release.xcconfig */ = {isa = PBXFileReference; includeInIndex = 1; lastKnownFileType = text.xcconfig; name = "Pods-WhatTheF.release.xcconfig"; path = "Target Support Files/Pods-WhatTheF/Pods-WhatTheF.release.xcconfig"; sourceTree = "<group>"; };
		96B5C306D0544B5CBF861E55 /* Pods-WhatTheF.debug.xcconfig */ = {isa = PBXFileReference; includeInIndex = 1; lastKnownFileType = text.xcconfig; name = "Pods-WhatTheF.debug.xcconfig"; path = "Target Support Files/Pods-WhatTheF/Pods-WhatTheF.debug.xcconfig"; sourceTree = "<group>"; };
		F36ECF722B2FF91800E5FAC2 /* WhatTheF.app */ = {isa = PBXFileReference; explicitFileType = wrapper.application; includeInIndex = 0; path = WhatTheF.app; sourceTree = BUILT_PRODUCTS_DIR; };
		F36ECF752B2FF91800E5FAC2 /* AppDelegate.swift */ = {isa = PBXFileReference; lastKnownFileType = sourcecode.swift; path = AppDelegate.swift; sourceTree = "<group>"; };
		F36ECF772B2FF91800E5FAC2 /* SceneDelegate.swift */ = {isa = PBXFileReference; lastKnownFileType = sourcecode.swift; path = SceneDelegate.swift; sourceTree = "<group>"; };
		F36ECF792B2FF91800E5FAC2 /* ViewController.swift */ = {isa = PBXFileReference; lastKnownFileType = sourcecode.swift; path = ViewController.swift; sourceTree = "<group>"; };
		F36ECF7C2B2FF91800E5FAC2 /* Base */ = {isa = PBXFileReference; lastKnownFileType = file.storyboard; name = Base; path = Base.lproj/Main.storyboard; sourceTree = "<group>"; };
		F36ECF7E2B2FF91900E5FAC2 /* Assets.xcassets */ = {isa = PBXFileReference; lastKnownFileType = folder.assetcatalog; path = Assets.xcassets; sourceTree = "<group>"; };
		F36ECF812B2FF91900E5FAC2 /* Base */ = {isa = PBXFileReference; lastKnownFileType = file.storyboard; name = Base; path = Base.lproj/LaunchScreen.storyboard; sourceTree = "<group>"; };
		F36ECF832B2FF91900E5FAC2 /* Info.plist */ = {isa = PBXFileReference; lastKnownFileType = text.plist.xml; path = Info.plist; sourceTree = "<group>"; };
		F36ECF892B2FF95C00E5FAC2 /* FlowerClassifier.mlmodel */ = {isa = PBXFileReference; lastKnownFileType = file.mlmodel; path = FlowerClassifier.mlmodel; sourceTree = "<group>"; };
/* End PBXFileReference section */

/* Begin PBXFrameworksBuildPhase section */
		F36ECF6F2B2FF91800E5FAC2 /* Frameworks */ = {
			isa = PBXFrameworksBuildPhase;
			buildActionMask = 2147483647;
			files = (
				0E305672322EB76335D22198 /* Pods_WhatTheF.framework in Frameworks */,
			);
			runOnlyForDeploymentPostprocessing = 0;
		};
/* End PBXFrameworksBuildPhase section */

/* Begin PBXGroup section */
		611A87326686FCF1CE847BFD /* Pods */ = {
			isa = PBXGroup;
			children = (
				96B5C306D0544B5CBF861E55 /* Pods-WhatTheF.debug.xcconfig */,
				399FD35996BFC0DC55838549 /* Pods-WhatTheF.release.xcconfig */,
			);
			path = Pods;
			sourceTree = "<group>";
		};
		F36ECF692B2FF91800E5FAC2 = {
			isa = PBXGroup;
			children = (
				F36ECF742B2FF91800E5FAC2 /* WhatTheF */,
				F36ECF732B2FF91800E5FAC2 /* Products */,
				611A87326686FCF1CE847BFD /* Pods */,
				F876C7AAAFE3753F22568487 /* Frameworks */,
			);
			sourceTree = "<group>";
		};
		F36ECF732B2FF91800E5FAC2 /* Products */ = {
			isa = PBXGroup;
			children = (
				F36ECF722B2FF91800E5FAC2 /* WhatTheF.app */,
			);
			name = Products;
			sourceTree = "<group>";
		};
		F36ECF742B2FF91800E5FAC2 /* WhatTheF */ = {
			isa = PBXGroup;
			children = (
				F36ECF752B2FF91800E5FAC2 /* AppDelegate.swift */,
				F36ECF772B2FF91800E5FAC2 /* SceneDelegate.swift */,
				F36ECF792B2FF91800E5FAC2 /* ViewController.swift */,
				F36ECF7B2B2FF91800E5FAC2 /* Main.storyboard */,
				F36ECF7E2B2FF91900E5FAC2 /* Assets.xcassets */,
				F36ECF802B2FF91900E5FAC2 /* LaunchScreen.storyboard */,
				F36ECF832B2FF91900E5FAC2 /* Info.plist */,
				F36ECF892B2FF95C00E5FAC2 /* FlowerClassifier.mlmodel */,
			);
			path = WhatTheF;
			sourceTree = "<group>";
		};
		F876C7AAAFE3753F22568487 /* Frameworks */ = {
			isa = PBXGroup;
			children = (
				19CB5FC4DDE943488093B470 /* Pods_WhatTheF.framework */,
			);
			name = Frameworks;
			sourceTree = "<group>";
		};
/* End PBXGroup section */

/* Begin PBXNativeTarget section */
		F36ECF712B2FF91800E5FAC2 /* WhatTheF */ = {
			isa = PBXNativeTarget;
			buildConfigurationList = F36ECF862B2FF91900E5FAC2 /* Build configuration list for PBXNativeTarget "WhatTheF" */;
			buildPhases = (
				9040B7F307A70E737EAA0946 /* [CP] Check Pods Manifest.lock */,
				F36ECF6E2B2FF91800E5FAC2 /* Sources */,
				F36ECF6F2B2FF91800E5FAC2 /* Frameworks */,
				F36ECF702B2FF91800E5FAC2 /* Resources */,
				0DF29A6832607543E335D1C4 /* [CP] Embed Pods Frameworks */,
			);
			buildRules = (
			);
			dependencies = (
			);
			name = WhatTheF;
			productName = WhatTheF;
			productReference = F36ECF722B2FF91800E5FAC2 /* WhatTheF.app */;
			productType = "com.apple.product-type.application";
		};
/* End PBXNativeTarget section */

/* Begin PBXProject section */
		F36ECF6A2B2FF91800E5FAC2 /* Project object */ = {
			isa = PBXProject;
			attributes = {
				BuildIndependentTargetsInParallel = 1;
				LastSwiftUpdateCheck = 1510;
				LastUpgradeCheck = 1510;
				TargetAttributes = {
					F36ECF712B2FF91800E5FAC2 = {
						CreatedOnToolsVersion = 15.1;
					};
				};
			};
			buildConfigurationList = F36ECF6D2B2FF91800E5FAC2 /* Build configuration list for PBXProject "WhatTheF" */;
			compatibilityVersion = "Xcode 14.0";
			developmentRegion = en;
			hasScannedForEncodings = 0;
			knownRegions = (
				en,
				Base,
			);
			mainGroup = F36ECF692B2FF91800E5FAC2;
			productRefGroup = F36ECF732B2FF91800E5FAC2 /* Products */;
			projectDirPath = "";
			projectRoot = "";
			targets = (
				F36ECF712B2FF91800E5FAC2 /* WhatTheF */,
			);
		};
/* End PBXProject section */

/* Begin PBXResourcesBuildPhase section */
		F36ECF702B2FF91800E5FAC2 /* Resources */ = {
			isa = PBXResourcesBuildPhase;
			buildActionMask = 2147483647;
			files = (
				F36ECF822B2FF91900E5FAC2 /* LaunchScreen.storyboard in Resources */,
				F36ECF7F2B2FF91900E5FAC2 /* Assets.xcassets in Resources */,
				F36ECF7D2B2FF91800E5FAC2 /* Main.storyboard in Resources */,
			);
			runOnlyForDeploymentPostprocessing = 0;
		};
/* End PBXResourcesBuildPhase section */

/* Begin PBXShellScriptBuildPhase section */
		0DF29A6832607543E335D1C4 /* [CP] Embed Pods Frameworks */ = {
			isa = PBXShellScriptBuildPhase;
			buildActionMask = 2147483647;
			files = (
			);
			inputFileListPaths = (
				"${PODS_ROOT}/Target Support Files/Pods-WhatTheF/Pods-WhatTheF-frameworks-${CONFIGURATION}-input-files.xcfilelist",
			);
			name = "[CP] Embed Pods Frameworks";
			outputFileListPaths = (
				"${PODS_ROOT}/Target Support Files/Pods-WhatTheF/Pods-WhatTheF-frameworks-${CONFIGURATION}-output-files.xcfilelist",
			);
			runOnlyForDeploymentPostprocessing = 0;
			shellPath = /bin/sh;
			shellScript = "\"${PODS_ROOT}/Target Support Files/Pods-WhatTheF/Pods-WhatTheF-frameworks.sh\"\n";
			showEnvVarsInLog = 0;
		};
		9040B7F307A70E737EAA0946 /* [CP] Check Pods Manifest.lock */ = {
			isa = PBXShellScriptBuildPhase;
			buildActionMask = 2147483647;
			files = (
			);
			inputFileListPaths = (
			);
			inputPaths = (
				"${PODS_PODFILE_DIR_PATH}/Podfile.lock",
				"${PODS_ROOT}/Manifest.lock",
			);
			name = "[CP] Check Pods Manifest.lock";
			outputFileListPaths = (
			);
			outputPaths = (
				"$(DERIVED_FILE_DIR)/Pods-WhatTheF-checkManifestLockResult.txt",
			);
			runOnlyForDeploymentPostprocessing = 0;
			shellPath = /bin/sh;
			shellScript = "diff \"${PODS_PODFILE_DIR_PATH}/Podfile.lock\" \"${PODS_ROOT}/Manifest.lock\" > /dev/null\nif [ $? != 0 ] ; then\n    # print error to STDERR\n    echo \"error: The sandbox is not in sync with the Podfile.lock. Run 'pod install' or update your CocoaPods installation.\" >&2\n    exit 1\nfi\n# This output is used by Xcode 'outputs' to avoid re-running this script phase.\necho \"SUCCESS\" > \"${SCRIPT_OUTPUT_FILE_0}\"\n";
			showEnvVarsInLog = 0;
		};
/* End PBXShellScriptBuildPhase section */

/* Begin PBXSourcesBuildPhase section */
		F36ECF6E2B2FF91800E5FAC2 /* Sources */ = {
			isa = PBXSourcesBuildPhase;
			buildActionMask = 2147483647;
			files = (
				F36ECF8A2B2FF95C00E5FAC2 /* FlowerClassifier.mlmodel in Sources */,
				F36ECF7A2B2FF91800E5FAC2 /* ViewController.swift in Sources */,
				F36ECF762B2FF91800E5FAC2 /* AppDelegate.swift in Sources */,
				F36ECF782B2FF91800E5FAC2 /* SceneDelegate.swift in Sources */,
			);
			runOnlyForDeploymentPostprocessing = 0;
		};
/* End PBXSourcesBuildPhase section */

/* Begin PBXVariantGroup section */
		F36ECF7B2B2FF91800E5FAC2 /* Main.storyboard */ = {
			isa = PBXVariantGroup;
			children = (
				F36ECF7C2B2FF91800E5FAC2 /* Base */,
			);
			name = Main.storyboard;
			sourceTree = "<group>";
		};
		F36ECF802B2FF91900E5FAC2 /* LaunchScreen.storyboard */ = {
			isa = PBXVariantGroup;
			children = (
				F36ECF812B2FF91900E5FAC2 /* Base */,
			);
			name = LaunchScreen.storyboard;
			sourceTree = "<group>";
		};
/* End PBXVariantGroup section */

/* Begin XCBuildConfiguration section */
		F36ECF842B2FF91900E5FAC2 /* Debug */ = {
			isa = XCBuildConfiguration;
			buildSettings = {
				ALWAYS_SEARCH_USER_PATHS = NO;
				ASSETCATALOG_COMPILER_GENERATE_SWIFT_ASSET_SYMBOL_EXTENSIONS = YES;
				CLANG_ANALYZER_NONNULL = YES;
				CLANG_ANALYZER_NUMBER_OBJECT_CONVERSION = YES_AGGRESSIVE;
				CLANG_CXX_LANGUAGE_STANDARD = "gnu++20";
				CLANG_ENABLE_MODULES = YES;
				CLANG_ENABLE_OBJC_ARC = YES;
				CLANG_ENABLE_OBJC_WEAK = YES;
				CLANG_WARN_BLOCK_CAPTURE_AUTORELEASING = YES;
				CLANG_WARN_BOOL_CONVERSION = YES;
				CLANG_WARN_COMMA = YES;
				CLANG_WARN_CONSTANT_CONVERSION = YES;
				CLANG_WARN_DEPRECATED_OBJC_IMPLEMENTATIONS = YES;
				CLANG_WARN_DIRECT_OBJC_ISA_USAGE = YES_ERROR;
				CLANG_WARN_DOCUMENTATION_COMMENTS = YES;
				CLANG_WARN_EMPTY_BODY = YES;
				CLANG_WARN_ENUM_CONVERSION = YES;
				CLANG_WARN_INFINITE_RECURSION = YES;
				CLANG_WARN_INT_CONVERSION = YES;
				CLANG_WARN_NON_LITERAL_NULL_CONVERSION = YES;
				CLANG_WARN_OBJC_IMPLICIT_RETAIN_SELF = YES;
				CLANG_WARN_OBJC_LITERAL_CONVERSION = YES;
				CLANG_WARN_OBJC_ROOT_CLASS = YES_ERROR;
				CLANG_WARN_QUOTED_INCLUDE_IN_FRAMEWORK_HEADER = YES;
				CLANG_WARN_RANGE_LOOP_ANALYSIS = YES;
				CLANG_WARN_STRICT_PROTOTYPES = YES;
				CLANG_WARN_SUSPICIOUS_MOVE = YES;
				CLANG_WARN_UNGUARDED_AVAILABILITY = YES_AGGRESSIVE;
				CLANG_WARN_UNREACHABLE_CODE = YES;
				CLANG_WARN__DUPLICATE_METHOD_MATCH = YES;
				COPY_PHASE_STRIP = NO;
				DEBUG_INFORMATION_FORMAT = dwarf;
				ENABLE_STRICT_OBJC_MSGSEND = YES;
				ENABLE_TESTABILITY = YES;
				ENABLE_USER_SCRIPT_SANDBOXING = NO;
				GCC_C_LANGUAGE_STANDARD = gnu17;
				GCC_DYNAMIC_NO_PIC = NO;
				GCC_NO_COMMON_BLOCKS = YES;
				GCC_OPTIMIZATION_LEVEL = 0;
				GCC_PREPROCESSOR_DEFINITIONS = (
					"DEBUG=1",
					"$(inherited)",
				);
				GCC_WARN_64_TO_32_BIT_CONVERSION = YES;
				GCC_WARN_ABOUT_RETURN_TYPE = YES_ERROR;
				GCC_WARN_UNDECLARED_SELECTOR = YES;
				GCC_WARN_UNINITIALIZED_AUTOS = YES_AGGRESSIVE;
				GCC_WARN_UNUSED_FUNCTION = YES;
				GCC_WARN_UNUSED_VARIABLE = YES;
				IPHONEOS_DEPLOYMENT_TARGET = 17.2;
				LOCALIZATION_PREFERS_STRING_CATALOGS = YES;
				MTL_ENABLE_DEBUG_INFO = INCLUDE_SOURCE;
				MTL_FAST_MATH = YES;
				ONLY_ACTIVE_ARCH = YES;
				SDKROOT = iphoneos;
				SWIFT_ACTIVE_COMPILATION_CONDITIONS = "DEBUG $(inherited)";
				SWIFT_OPTIMIZATION_LEVEL = "-Onone";
			};
			name = Debug;
		};
		F36ECF852B2FF91900E5FAC2 /* Release */ = {
			isa = XCBuildConfiguration;
			buildSettings = {
				ALWAYS_SEARCH_USER_PATHS = NO;
				ASSETCATALOG_COMPILER_GENERATE_SWIFT_ASSET_SYMBOL_EXTENSIONS = YES;
				CLANG_ANALYZER_NONNULL = YES;
				CLANG_ANALYZER_NUMBER_OBJECT_CONVERSION = YES_AGGRESSIVE;
				CLANG_CXX_LANGUAGE_STANDARD = "gnu++20";
				CLANG_ENABLE_MODULES = YES;
				CLANG_ENABLE_OBJC_ARC = YES;
				CLANG_ENABLE_OBJC_WEAK = YES;
				CLANG_WARN_BLOCK_CAPTURE_AUTORELEASING = YES;
				CLANG_WARN_BOOL_CONVERSION = YES;
				CLANG_WARN_COMMA = YES;
				CLANG_WARN_CONSTANT_CONVERSION = YES;
				CLANG_WARN_DEPRECATED_OBJC_IMPLEMENTATIONS = YES;
				CLANG_WARN_DIRECT_OBJC_ISA_USAGE = YES_ERROR;
				CLANG_WARN_DOCUMENTATION_COMMENTS = YES;
				CLANG_WARN_EMPTY_BODY = YES;
				CLANG_WARN_ENUM_CONVERSION = YES;
				CLANG_WARN_INFINITE_RECURSION = YES;
				CLANG_WARN_INT_CONVERSION = YES;
				CLANG_WARN_NON_LITERAL_NULL_CONVERSION = YES;
				CLANG_WARN_OBJC_IMPLICIT_RETAIN_SELF = YES;
				CLANG_WARN_OBJC_LITERAL_CONVERSION = YES;
				CLANG_WARN_OBJC_ROOT_CLASS = YES_ERROR;
				CLANG_WARN_QUOTED_INCLUDE_IN_FRAMEWORK_HEADER = YES;
				CLANG_WARN_RANGE_LOOP_ANALYSIS = YES;
				CLANG_WARN_STRICT_PROTOTYPES = YES;
				CLANG_WARN_SUSPICIOUS_MOVE = YES;
				CLANG_WARN_UNGUARDED_AVAILABILITY = YES_AGGRESSIVE;
				CLANG_WARN_UNREACHABLE_CODE = YES;
				CLANG_WARN__DUPLICATE_METHOD_MATCH = YES;
				COPY_PHASE_STRIP = NO;
				DEBUG_INFORMATION_FORMAT = "dwarf-with-dsym";
				ENABLE_NS_ASSERTIONS = NO;
				ENABLE_STRICT_OBJC_MSGSEND = YES;
				ENABLE_USER_SCRIPT_SANDBOXING = NO;
				GCC_C_LANGUAGE_STANDARD = gnu17;
				GCC_NO_COMMON_BLOCKS = YES;
				GCC_WARN_64_TO_32_BIT_CONVERSION = YES;
				GCC_WARN_ABOUT_RETURN_TYPE = YES_ERROR;
				GCC_WARN_UNDECLARED_SELECTOR = YES;
				GCC_WARN_UNINITIALIZED_AUTOS = YES_AGGRESSIVE;
				GCC_WARN_UNUSED_FUNCTION = YES;
				GCC_WARN_UNUSED_VARIABLE = YES;
				IPHONEOS_DEPLOYMENT_TARGET = 17.2;
				LOCALIZATION_PREFERS_STRING_CATALOGS = YES;
				MTL_ENABLE_DEBUG_INFO = NO;
				MTL_FAST_MATH = YES;
				SDKROOT = iphoneos;
				SWIFT_COMPILATION_MODE = wholemodule;
				VALIDATE_PRODUCT = YES;
			};
			name = Release;
		};
		F36ECF872B2FF91900E5FAC2 /* Debug */ = {
			isa = XCBuildConfiguration;
			baseConfigurationReference = 96B5C306D0544B5CBF861E55 /* Pods-WhatTheF.debug.xcconfig */;
			buildSettings = {
				ASSETCATALOG_COMPILER_APPICON_NAME = AppIcon;
				ASSETCATALOG_COMPILER_GLOBAL_ACCENT_COLOR_NAME = AccentColor;
				CODE_SIGN_STYLE = Automatic;
				CURRENT_PROJECT_VERSION = 1;
				DEVELOPMENT_TEAM = WT2DZRQ5QP;
				GENERATE_INFOPLIST_FILE = YES;
				INFOPLIST_FILE = WhatTheF/Info.plist;
				INFOPLIST_KEY_NSCameraUsageDescription = "Need Your Camera";
				INFOPLIST_KEY_UIApplicationSupportsIndirectInputEvents = YES;
				INFOPLIST_KEY_UILaunchStoryboardName = LaunchScreen;
				INFOPLIST_KEY_UIMainStoryboardFile = Main;
				INFOPLIST_KEY_UIRequiresFullScreen = YES;
				INFOPLIST_KEY_UISupportedInterfaceOrientations = UIInterfaceOrientationPortrait;
				INFOPLIST_KEY_UISupportedInterfaceOrientations_iPad = "UIInterfaceOrientationPortrait UIInterfaceOrientationPortraitUpsideDown";
				LD_RUNPATH_SEARCH_PATHS = (
					"$(inherited)",
					"@executable_path/Frameworks",
				);
				MARKETING_VERSION = 1.0;
				PRODUCT_BUNDLE_IDENTIFIER = com.gali.WhatTheF;
				PRODUCT_NAME = "$(TARGET_NAME)";
				SWIFT_EMIT_LOC_STRINGS = YES;
				SWIFT_VERSION = 5.0;
				TARGETED_DEVICE_FAMILY = "1,2";
			};
			name = Debug;
		};
		F36ECF882B2FF91900E5FAC2 /* Release */ = {
			isa = XCBuildConfiguration;
			baseConfigurationReference = 399FD35996BFC0DC55838549 /* Pods-WhatTheF.release.xcconfig */;
			buildSettings = {
				ASSETCATALOG_COMPILER_APPICON_NAME = AppIcon;
				ASSETCATALOG_COMPILER_GLOBAL_ACCENT_COLOR_NAME = AccentColor;
				CODE_SIGN_STYLE = Automatic;
				CURRENT_PROJECT_VERSION = 1;
				DEVELOPMENT_TEAM = WT2DZRQ5QP;
				GENERATE_INFOPLIST_FILE = YES;
				INFOPLIST_FILE = WhatTheF/Info.plist;
				INFOPLIST_KEY_NSCameraUsageDescription = "Need Your Camera";
				INFOPLIST_KEY_UIApplicationSupportsIndirectInputEvents = YES;
				INFOPLIST_KEY_UILaunchStoryboardName = LaunchScreen;
				INFOPLIST_KEY_UIMainStoryboardFile = Main;
				INFOPLIST_KEY_UIRequiresFullScreen = YES;
				INFOPLIST_KEY_UISupportedInterfaceOrientations = UIInterfaceOrientationPortrait;
				INFOPLIST_KEY_UISupportedInterfaceOrientations_iPad = "UIInterfaceOrientationPortrait UIInterfaceOrientationPortraitUpsideDown";
				LD_RUNPATH_SEARCH_PATHS = (
					"$(inherited)",
					"@executable_path/Frameworks",
				);
				MARKETING_VERSION = 1.0;
				PRODUCT_BUNDLE_IDENTIFIER = com.gali.WhatTheF;
				PRODUCT_NAME = "$(TARGET_NAME)";
				SWIFT_EMIT_LOC_STRINGS = YES;
				SWIFT_VERSION = 5.0;
				TARGETED_DEVICE_FAMILY = "1,2";
			};
			name = Release;
		};
/* End XCBuildConfiguration section */

/* Begin XCConfigurationList section */
		F36ECF6D2B2FF91800E5FAC2 /* Build configuration list for PBXProject "WhatTheF" */ = {
			isa = XCConfigurationList;
			buildConfigurations = (
				F36ECF842B2FF91900E5FAC2 /* Debug */,
				F36ECF852B2FF91900E5FAC2 /* Release */,
			);
			defaultConfigurationIsVisible = 0;
			defaultConfigurationName = Release;
		};
		F36ECF862B2FF91900E5FAC2 /* Build configuration list for PBXNativeTarget "WhatTheF" */ = {
			isa = XCConfigurationList;
			buildConfigurations = (
				F36ECF872B2FF91900E5FAC2 /* Debug */,
				F36ECF882B2FF91900E5FAC2 /* Release */,
			);
			defaultConfigurationIsVisible = 0;
			defaultConfigurationName = Release;
		};
/* End XCConfigurationList section */
	};
	rootObject = F36ECF6A2B2FF91800E5FAC2 /* Project object */;
}
